<?xml version="1.0" encoding="utf-8"?>
<Project ToolsVersion="4.0" xmlns="http://schemas.microsoft.com/developer/msbuild/2003">
  <ItemGroup>
    <Filter Include="Source Files">
      <UniqueIdentifier>{4FC737F1-C7A5-4376-A066-2A32D752A2FF}</UniqueIdentifier>
      <Extensions>cpp;c;cc;cxx;def;odl;idl;hpj;bat;asm;asmx</Extensions>
    </Filter>
    <Filter Include="Header Files">
      <UniqueIdentifier>{93995380-89BD-4b04-88EB-625FBE52EBFB}</UniqueIdentifier>
      <Extensions>h;hh;hpp;hxx;hm;inl;inc;ipp;xsd</Extensions>
    </Filter>
    <Filter Include="Resource Files">
      <UniqueIdentifier>{67DA6AB6-F800-4c08-8B7A-83BB121AAD01}</UniqueIdentifier>
      <Extensions>rc;ico;cur;bmp;dlg;rc2;rct;bin;rgs;gif;jpg;jpeg;jpe;resx;tiff;tif;png;wav;mfcribbon-ms</Extensions>
    </Filter>
    <Filter Include="Header Files\Entities">
      <UniqueIdentifier>{9be7a297-1aa1-4424-8b27-51279a87e827}</UniqueIdentifier>
    </Filter>
    <Filter Include="Header Files\Tiles">
      <UniqueIdentifier>{710d363f-bec8-4e88-ac3c-5ee4a4f7cb2e}</UniqueIdentifier>
    </Filter>
    <Filter Include="Source Files\Entities">
      <UniqueIdentifier>{418a2be9-cdbf-49fd-8b35-82fbe80b6b15}</UniqueIdentifier>
    </Filter>
    <Filter Include="Source Files\Tiles">
      <UniqueIdentifier>{e5eebe36-822e-48a5-9143-5e3dea7840e7}</UniqueIdentifier>
    </Filter>
    <Filter Include="Header Files\Animation">
      <UniqueIdentifier>{13ea9112-7315-4d36-9ba6-bf1c058de43d}</UniqueIdentifier>
    </Filter>
    <Filter Include="Source Files\Animation">
      <UniqueIdentifier>{4ff98a61-7b41-4904-9fb9-63d8ba23ed77}</UniqueIdentifier>
    </Filter>
  </ItemGroup>
  <ItemGroup>
    <ClCompile Include="src\Game.cpp">
      <Filter>Source Files</Filter>
    </ClCompile>
    <ClCompile Include="src\main.cpp">
      <Filter>Source Files</Filter>
    </ClCompile>
    <ClCompile Include="src\Entity.cpp">
      <Filter>Source Files\Entities</Filter>
    </ClCompile>
    <ClCompile Include="src\Player.cpp">
      <Filter>Source Files\Entities</Filter>
    </ClCompile>
    <ClCompile Include="src\EmptyTile.cpp">
      <Filter>Source Files\Tiles</Filter>
    </ClCompile>
    <ClCompile Include="src\SolidTile.cpp">
      <Filter>Source Files\Tiles</Filter>
    </ClCompile>
    <ClCompile Include="src\Tile.cpp">
      <Filter>Source Files\Tiles</Filter>
    </ClCompile>
    <ClCompile Include="src\Level.cpp">
      <Filter>Source Files</Filter>
    </ClCompile>
    <ClCompile Include="src\AnimatedSprite.cpp">
      <Filter>Source Files\Animation</Filter>
    </ClCompile>
    <ClCompile Include="src\Animation.cpp">
      <Filter>Source Files\Animation</Filter>
    </ClCompile>
    <ClCompile Include="src\CollisionDetector.cpp">
      <Filter>Source Files</Filter>
    </ClCompile>
    <ClCompile Include="src\Gamepad.cpp">
      <Filter>Source Files</Filter>
    </ClCompile>
    <ClCompile Include="src\Input.cpp">
      <Filter>Source Files</Filter>
    </ClCompile>
    <ClCompile Include="src\VectorMath.cpp">
      <Filter>Source Files</Filter>
    </ClCompile>
  </ItemGroup>
  <ItemGroup>
    <ClInclude Include="include\Game.h">
      <Filter>Header Files</Filter>
    </ClInclude>
    <ClInclude Include="include\Player.h">
      <Filter>Header Files\Entities</Filter>
    </ClInclude>
    <ClInclude Include="include\Entity.h">
      <Filter>Header Files\Entities</Filter>
    </ClInclude>
    <ClInclude Include="include\Tile.h">
      <Filter>Header Files\Tiles</Filter>
    </ClInclude>
    <ClInclude Include="include\SolidTile.h">
      <Filter>Header Files\Tiles</Filter>
    </ClInclude>
    <ClInclude Include="include\EmptyTile.h">
      <Filter>Header Files\Tiles</Filter>
    </ClInclude>
    <ClInclude Include="include\Level.h">
      <Filter>Header Files</Filter>
    </ClInclude>
    <ClInclude Include="include\AnimatedSprite.h">
      <Filter>Header Files\Animation</Filter>
    </ClInclude>
    <ClInclude Include="include\Animation.h">
      <Filter>Header Files\Animation</Filter>
    </ClInclude>
    <ClInclude Include="include\Gamepad.h">
      <Filter>Header Files</Filter>
    </ClInclude>
    <ClInclude Include="include\Input.h">
      <Filter>Header Files</Filter>
    </ClInclude>
    <ClInclude Include="include\VectorMath.h">
      <Filter>Header Files</Filter>
    </ClInclude>
    <ClInclude Include="include\CollisionDetector.h">
      <Filter>Header Files</Filter>
    </ClInclude>
  </ItemGroup>
</Project>